# @generated by Move, please check-in and do not edit manually.

[move]
version = 2
manifest_digest = "CE0912BA714C2C04882CB69B02349F635CE5E07C100AFA646755B19AA4A75CD0"
deps_digest = "F8BBB0CCB2491CA29A3DF03D6F92277A4F3574266507ACD77214D37ECA3F3082"
dependencies = [
  { name = "Sui" },
]

[[move.package]]
name = "MoveStdlib"
source = { local = "/Users/hedong/.move/https___github_com_MystenLabs_sui_git_framework__devnet/crates/sui-framework/packages/move-stdlib" }

[[move.package]]
name = "Sui"
source = { local = "/Users/hedong/.move/https___github_com_MystenLabs_sui_git_framework__devnet/crates/sui-framework/packages/sui-framework" }

dependencies = [
  { name = "MoveStdlib" },
]

[move.toolchain-version]
compiler-version = "1.24.1"
edition = "2024.beta"
flavor = "sui"

[env]

[env.devnet]
chain-id = "b3f81552"
original-published-id = "0xb8e912d9a861f658a45a1b31c7fff3348a10bbe5b1fb2077ab242427f947e22d"
latest-published-id = "0xb8e912d9a861f658a45a1b31c7fff3348a10bbe5b1fb2077ab242427f947e22d"
published-version = "1"
